// !$*UTF8*$!
{
	archiveVersion = 1;
	classes = {
	};
	objectVersion = 46;
	objects = {

/* Begin PBXBuildFile section */
		1316C2F11D8CE61D00B11C29 /* AppDelegate.swift in Sources */ = {isa = PBXBuildFile; fileRef = 1316C2F01D8CE61D00B11C29 /* AppDelegate.swift */; };
		1316C2F31D8CE61D00B11C29 /* MasterViewController.swift in Sources */ = {isa = PBXBuildFile; fileRef = 1316C2F21D8CE61D00B11C29 /* MasterViewController.swift */; };
		1316C2F51D8CE61D00B11C29 /* DetailViewController.swift in Sources */ = {isa = PBXBuildFile; fileRef = 1316C2F41D8CE61D00B11C29 /* DetailViewController.swift */; };
		1316C2F81D8CE61D00B11C29 /* Main.storyboard in Resources */ = {isa = PBXBuildFile; fileRef = 1316C2F61D8CE61D00B11C29 /* Main.storyboard */; };
		1316C2FA1D8CE61D00B11C29 /* Assets.xcassets in Resources */ = {isa = PBXBuildFile; fileRef = 1316C2F91D8CE61D00B11C29 /* Assets.xcassets */; };
		1316C2FD1D8CE61D00B11C29 /* LaunchScreen.storyboard in Resources */ = {isa = PBXBuildFile; fileRef = 1316C2FB1D8CE61D00B11C29 /* LaunchScreen.storyboard */; };
		1316C3081D8CE61D00B11C29 /* chemicalTests.swift in Sources */ = {isa = PBXBuildFile; fileRef = 1316C3071D8CE61D00B11C29 /* chemicalTests.swift */; };
		1316C3131D8CE61D00B11C29 /* chemicalUITests.swift in Sources */ = {isa = PBXBuildFile; fileRef = 1316C3121D8CE61D00B11C29 /* chemicalUITests.swift */; };
/* End PBXBuildFile section */

/* Begin PBXContainerItemProxy section */
		1316C3041D8CE61D00B11C29 /* PBXContainerItemProxy */ = {
			isa = PBXContainerItemProxy;
			containerPortal = 1316C2E51D8CE61D00B11C29 /* Project object */;
			proxyType = 1;
			remoteGlobalIDString = 1316C2EC1D8CE61D00B11C29;
			remoteInfo = chemical;
		};
		1316C30F1D8CE61D00B11C29 /* PBXContainerItemProxy */ = {
			isa = PBXContainerItemProxy;
			containerPortal = 1316C2E51D8CE61D00B11C29 /* Project object */;
			proxyType = 1;
			remoteGlobalIDString = 1316C2EC1D8CE61D00B11C29;
			remoteInfo = chemical;
		};
/* End PBXContainerItemProxy section */

/* Begin PBXFileReference section */
		1316C2ED1D8CE61D00B11C29 /* chemical.app */ = {isa = PBXFileReference; explicitFileType = wrapper.application; includeInIndex = 0; path = chemical.app; sourceTree = BUILT_PRODUCTS_DIR; };
		1316C2F01D8CE61D00B11C29 /* AppDelegate.swift */ = {isa = PBXFileReference; lastKnownFileType = sourcecode.swift; path = AppDelegate.swift; sourceTree = "<group>"; };
		1316C2F21D8CE61D00B11C29 /* MasterViewController.swift */ = {isa = PBXFileReference; lastKnownFileType = sourcecode.swift; path = MasterViewController.swift; sourceTree = "<group>"; };
		1316C2F41D8CE61D00B11C29 /* DetailViewController.swift */ = {isa = PBXFileReference; lastKnownFileType = sourcecode.swift; path = DetailViewController.swift; sourceTree = "<group>"; };
		1316C2F71D8CE61D00B11C29 /* Base */ = {isa = PBXFileReference; lastKnownFileType = file.storyboard; name = Base; path = Base.lproj/Main.storyboard; sourceTree = "<group>"; };
		1316C2F91D8CE61D00B11C29 /* Assets.xcassets */ = {isa = PBXFileReference; lastKnownFileType = folder.assetcatalog; path = Assets.xcassets; sourceTree = "<group>"; };
		1316C2FC1D8CE61D00B11C29 /* Base */ = {isa = PBXFileReference; lastKnownFileType = file.storyboard; name = Base; path = Base.lproj/LaunchScreen.storyboard; sourceTree = "<group>"; };
		1316C2FE1D8CE61D00B11C29 /* Info.plist */ = {isa = PBXFileReference; lastKnownFileType = text.plist.xml; path = Info.plist; sourceTree = "<group>"; };
		1316C3031D8CE61D00B11C29 /* chemicalTests.xctest */ = {isa = PBXFileReference; explicitFileType = wrapper.cfbundle; includeInIndex = 0; path = chemicalTests.xctest; sourceTree = BUILT_PRODUCTS_DIR; };
		1316C3071D8CE61D00B11C29 /* chemicalTests.swift */ = {isa = PBXFileReference; lastKnownFileType = sourcecode.swift; path = chemicalTests.swift; sourceTree = "<group>"; };
		1316C3091D8CE61D00B11C29 /* Info.plist */ = {isa = PBXFileReference; lastKnownFileType = text.plist.xml; path = Info.plist; sourceTree = "<group>"; };
		1316C30E1D8CE61D00B11C29 /* chemicalUITests.xctest */ = {isa = PBXFileReference; explicitFileType = wrapper.cfbundle; includeInIndex = 0; path = chemicalUITests.xctest; sourceTree = BUILT_PRODUCTS_DIR; };
		1316C3121D8CE61D00B11C29 /* chemicalUITests.swift */ = {isa = PBXFileReference; lastKnownFileType = sourcecode.swift; path = chemicalUITests.swift; sourceTree = "<group>"; };
		1316C3141D8CE61D00B11C29 /* Info.plist */ = {isa = PBXFileReference; lastKnownFileType = text.plist.xml; path = Info.plist; sourceTree = "<group>"; };
/* End PBXFileReference section */

/* Begin PBXFrameworksBuildPhase section */
		1316C2EA1D8CE61D00B11C29 /* Frameworks */ = {
			isa = PBXFrameworksBuildPhase;
			buildActionMask = 2147483647;
			files = (
			);
			runOnlyForDeploymentPostprocessing = 0;
		};
		1316C3001D8CE61D00B11C29 /* Frameworks */ = {
			isa = PBXFrameworksBuildPhase;
			buildActionMask = 2147483647;
			files = (
			);
			runOnlyForDeploymentPostprocessing = 0;
		};
		1316C30B1D8CE61D00B11C29 /* Frameworks */ = {
			isa = PBXFrameworksBuildPhase;
			buildActionMask = 2147483647;
			files = (
			);
			runOnlyForDeploymentPostprocessing = 0;
		};
/* End PBXFrameworksBuildPhase section */

/* Begin PBXGroup section */
		1316C2E41D8CE61D00B11C29 = {
			isa = PBXGroup;
			children = (
				1316C2EF1D8CE61D00B11C29 /* chemical */,
				1316C3061D8CE61D00B11C29 /* chemicalTests */,
				1316C3111D8CE61D00B11C29 /* chemicalUITests */,
				1316C2EE1D8CE61D00B11C29 /* Products */,
			);
			sourceTree = "<group>";
		};
		1316C2EE1D8CE61D00B11C29 /* Products */ = {
			isa = PBXGroup;
			children = (
				1316C2ED1D8CE61D00B11C29 /* chemical.app */,
				1316C3031D8CE61D00B11C29 /* chemicalTests.xctest */,
				1316C30E1D8CE61D00B11C29 /* chemicalUITests.xctest */,
			);
			name = Products;
			sourceTree = "<group>";
		};
		1316C2EF1D8CE61D00B11C29 /* chemical */ = {
			isa = PBXGroup;
			children = (
				1316C2F01D8CE61D00B11C29 /* AppDelegate.swift */,
				1316C2F21D8CE61D00B11C29 /* MasterViewController.swift */,
				1316C2F41D8CE61D00B11C29 /* DetailViewController.swift */,
				1316C2F61D8CE61D00B11C29 /* Main.storyboard */,
				1316C2F91D8CE61D00B11C29 /* Assets.xcassets */,
				1316C2FB1D8CE61D00B11C29 /* LaunchScreen.storyboard */,
				1316C2FE1D8CE61D00B11C29 /* Info.plist */,
			);
			path = chemical;
			sourceTree = "<group>";
		};
		1316C3061D8CE61D00B11C29 /* chemicalTests */ = {
			isa = PBXGroup;
			children = (
				1316C3071D8CE61D00B11C29 /* chemicalTests.swift */,
				1316C3091D8CE61D00B11C29 /* Info.plist */,
			);
			path = chemicalTests;
			sourceTree = "<group>";
		};
		1316C3111D8CE61D00B11C29 /* chemicalUITests */ = {
			isa = PBXGroup;
			children = (
				1316C3121D8CE61D00B11C29 /* chemicalUITests.swift */,
				1316C3141D8CE61D00B11C29 /* Info.plist */,
			);
			path = chemicalUITests;
			sourceTree = "<group>";
		};
/* End PBXGroup section */

/* Begin PBXNativeTarget section */
		1316C2EC1D8CE61D00B11C29 /* chemical */ = {
			isa = PBXNativeTarget;
			buildConfigurationList = 1316C3171D8CE61D00B11C29 /* Build configuration list for PBXNativeTarget "chemical" */;
			buildPhases = (
				1316C2E91D8CE61D00B11C29 /* Sources */,
				1316C2EA1D8CE61D00B11C29 /* Frameworks */,
				1316C2EB1D8CE61D00B11C29 /* Resources */,
			);
			buildRules = (
			);
			dependencies = (
			);
			name = chemical;
			productName = chemical;
			productReference = 1316C2ED1D8CE61D00B11C29 /* chemical.app */;
			productType = "com.apple.product-type.application";
		};
		1316C3021D8CE61D00B11C29 /* chemicalTests */ = {
			isa = PBXNativeTarget;
			buildConfigurationList = 1316C31A1D8CE61D00B11C29 /* Build configuration list for PBXNativeTarget "chemicalTests" */;
			buildPhases = (
				1316C2FF1D8CE61D00B11C29 /* Sources */,
				1316C3001D8CE61D00B11C29 /* Frameworks */,
				1316C3011D8CE61D00B11C29 /* Resources */,
			);
			buildRules = (
			);
			dependencies = (
				1316C3051D8CE61D00B11C29 /* PBXTargetDependency */,
			);
			name = chemicalTests;
			productName = chemicalTests;
			productReference = 1316C3031D8CE61D00B11C29 /* chemicalTests.xctest */;
			productType = "com.apple.product-type.bundle.unit-test";
		};
		1316C30D1D8CE61D00B11C29 /* chemicalUITests */ = {
			isa = PBXNativeTarget;
			buildConfigurationList = 1316C31D1D8CE61D00B11C29 /* Build configuration list for PBXNativeTarget "chemicalUITests" */;
			buildPhases = (
				1316C30A1D8CE61D00B11C29 /* Sources */,
				1316C30B1D8CE61D00B11C29 /* Frameworks */,
				1316C30C1D8CE61D00B11C29 /* Resources */,
			);
			buildRules = (
			);
			dependencies = (
				1316C3101D8CE61D00B11C29 /* PBXTargetDependency */,
			);
			name = chemicalUITests;
			productName = chemicalUITests;
			productReference = 1316C30E1D8CE61D00B11C29 /* chemicalUITests.xctest */;
			productType = "com.apple.product-type.bundle.ui-testing";
		};
/* End PBXNativeTarget section */

/* Begin PBXProject section */
		1316C2E51D8CE61D00B11C29 /* Project object */ = {
			isa = PBXProject;
			attributes = {
				LastSwiftUpdateCheck = 0730;
				LastUpgradeCheck = 0730;
				ORGANIZATIONNAME = Tunscopi;
				TargetAttributes = {
					1316C2EC1D8CE61D00B11C29 = {
						CreatedOnToolsVersion = 7.3.1;
					};
					1316C3021D8CE61D00B11C29 = {
						CreatedOnToolsVersion = 7.3.1;
						TestTargetID = 1316C2EC1D8CE61D00B11C29;
					};
					1316C30D1D8CE61D00B11C29 = {
						CreatedOnToolsVersion = 7.3.1;
						TestTargetID = 1316C2EC1D8CE61D00B11C29;
					};
				};
			};
			buildConfigurationList = 1316C2E81D8CE61D00B11C29 /* Build configuration list for PBXProject "chemical" */;
			compatibilityVersion = "Xcode 3.2";
			developmentRegion = English;
			hasScannedForEncodings = 0;
			knownRegions = (
				en,
				Base,
			);
			mainGroup = 1316C2E41D8CE61D00B11C29;
			productRefGroup = 1316C2EE1D8CE61D00B11C29 /* Products */;
			projectDirPath = "";
			projectRoot = "";
			targets = (
				1316C2EC1D8CE61D00B11C29 /* chemical */,
				1316C3021D8CE61D00B11C29 /* chemicalTests */,
				1316C30D1D8CE61D00B11C29 /* chemicalUITests */,
			);
		};
/* End PBXProject section */

/* Begin PBXResourcesBuildPhase section */
		1316C2EB1D8CE61D00B11C29 /* Resources */ = {
			isa = PBXResourcesBuildPhase;
			buildActionMask = 2147483647;
			files = (
				1316C2FD1D8CE61D00B11C29 /* LaunchScreen.storyboard in Resources */,
				1316C2FA1D8CE61D00B11C29 /* Assets.xcassets in Resources */,
				1316C2F81D8CE61D00B11C29 /* Main.storyboard in Resources */,
			);
			runOnlyForDeploymentPostprocessing = 0;
		};
		1316C3011D8CE61D00B11C29 /* Resources */ = {
			isa = PBXResourcesBuildPhase;
			buildActionMask = 2147483647;
			files = (
			);
			runOnlyForDeploymentPostprocessing = 0;
		};
		1316C30C1D8CE61D00B11C29 /* Resources */ = {
			isa = PBXResourcesBuildPhase;
			buildActionMask = 2147483647;
			files = (
			);
			runOnlyForDeploymentPostprocessing = 0;
		};
/* End PBXResourcesBuildPhase section */

/* Begin PBXSourcesBuildPhase section */
		1316C2E91D8CE61D00B11C29 /* Sources */ = {
			isa = PBXSourcesBuildPhase;
			buildActionMask = 2147483647;
			files = (
				1316C2F51D8CE61D00B11C29 /* DetailViewController.swift in Sources */,
				1316C2F31D8CE61D00B11C29 /* MasterViewController.swift in Sources */,
				1316C2F11D8CE61D00B11C29 /* AppDelegate.swift in Sources */,
			);
			runOnlyForDeploymentPostprocessing = 0;
		};
		1316C2FF1D8CE61D00B11C29 /* Sources */ = {
			isa = PBXSourcesBuildPhase;
			buildActionMask = 2147483647;
			files = (
				1316C3081D8CE61D00B11C29 /* chemicalTests.swift in Sources */,
			);
			runOnlyForDeploymentPostprocessing = 0;
		};
		1316C30A1D8CE61D00B11C29 /* Sources */ = {
			isa = PBXSourcesBuildPhase;
			buildActionMask = 2147483647;
			files = (
				1316C3131D8CE61D00B11C29 /* chemicalUITests.swift in Sources */,
			);
			runOnlyForDeploymentPostprocessing = 0;
		};
/* End PBXSourcesBuildPhase section */

/* Begin PBXTargetDependency section */
		1316C3051D8CE61D00B11C29 /* PBXTargetDependency */ = {
			isa = PBXTargetDependency;
			target = 1316C2EC1D8CE61D00B11C29 /* chemical */;
			targetProxy = 1316C3041D8CE61D00B11C29 /* PBXContainerItemProxy */;
		};
		1316C3101D8CE61D00B11C29 /* PBXTargetDependency */ = {
			isa = PBXTargetDependency;
			target = 1316C2EC1D8CE61D00B11C29 /* chemical */;
			targetProxy = 1316C30F1D8CE61D00B11C29 /* PBXContainerItemProxy */;
		};
/* End PBXTargetDependency section */

/* Begin PBXVariantGroup section */
		1316C2F61D8CE61D00B11C29 /* Main.storyboard */ = {
			isa = PBXVariantGroup;
			children = (
				1316C2F71D8CE61D00B11C29 /* Base */,
			);
			name = Main.storyboard;
			sourceTree = "<group>";
		};
		1316C2FB1D8CE61D00B11C29 /* LaunchScreen.storyboard */ = {
			isa = PBXVariantGroup;
			children = (
				1316C2FC1D8CE61D00B11C29 /* Base */,
			);
			name = LaunchScreen.storyboard;
			sourceTree = "<group>";
		};
/* End PBXVariantGroup section */

/* Begin XCBuildConfiguration section */
		1316C3151D8CE61D00B11C29 /* Debug */ = {
			isa = XCBuildConfiguration;
			buildSettings = {
				ALWAYS_SEARCH_USER_PATHS = NO;
				CLANG_ANALYZER_NONNULL = YES;
				CLANG_CXX_LANGUAGE_STANDARD = "gnu++0x";
				CLANG_CXX_LIBRARY = "libc++";
				CLANG_ENABLE_MODULES = YES;
				CLANG_ENABLE_OBJC_ARC = YES;
				CLANG_WARN_BOOL_CONVERSION = YES;
				CLANG_WARN_CONSTANT_CONVERSION = YES;
				CLANG_WARN_DIRECT_OBJC_ISA_USAGE = YES_ERROR;
				CLANG_WARN_EMPTY_BODY = YES;
				CLANG_WARN_ENUM_CONVERSION = YES;
				CLANG_WARN_INT_CONVERSION = YES;
				CLANG_WARN_OBJC_ROOT_CLASS = YES_ERROR;
				CLANG_WARN_UNREACHABLE_CODE = YES;
				CLANG_WARN__DUPLICATE_METHOD_MATCH = YES;
				"CODE_SIGN_IDENTITY[sdk=iphoneos*]" = "iPhone Developer";
				COPY_PHASE_STRIP = NO;
				DEBUG_INFORMATION_FORMAT = dwarf;
				ENABLE_STRICT_OBJC_MSGSEND = YES;
				ENABLE_TESTABILITY = YES;
				GCC_C_LANGUAGE_STANDARD = gnu99;
				GCC_DYNAMIC_NO_PIC = NO;
				GCC_NO_COMMON_BLOCKS = YES;
				GCC_OPTIMIZATION_LEVEL = 0;
				GCC_PREPROCESSOR_DEFINITIONS = (
					"DEBUG=1",
					"$(inherited)",
				);
				GCC_WARN_64_TO_32_BIT_CONVERSION = YES;
				GCC_WARN_ABOUT_RETURN_TYPE = YES_ERROR;
				GCC_WARN_UNDECLARED_SELECTOR = YES;
				GCC_WARN_UNINITIALIZED_AUTOS = YES_AGGRESSIVE;
				GCC_WARN_UNUSED_FUNCTION = YES;
				GCC_WARN_UNUSED_VARIABLE = YES;
				IPHONEOS_DEPLOYMENT_TARGET = 9.3;
				MTL_ENABLE_DEBUG_INFO = YES;
				ONLY_ACTIVE_ARCH = YES;
				SDKROOT = iphoneos;
				SWIFT_OPTIMIZATION_LEVEL = "-Onone";
				TARGETED_DEVICE_FAMILY = "1,2";
			};
			name = Debug;
		};
		1316C3161D8CE61D00B11C29 /* Release */ = {
			isa = XCBuildConfiguration;
			buildSettings = {
				ALWAYS_SEARCH_USER_PATHS = NO;
				CLANG_ANALYZER_NONNULL = YES;
				CLANG_CXX_LANGUAGE_STANDARD = "gnu++0x";
				CLANG_CXX_LIBRARY = "libc++";
				CLANG_ENABLE_MODULES = YES;
				CLANG_ENABLE_OBJC_ARC = YES;
				CLANG_WARN_BOOL_CONVERSION = YES;
				CLANG_WARN_CONSTANT_CONVERSION = YES;
				CLANG_WARN_DIRECT_OBJC_ISA_USAGE = YES_ERROR;
				CLANG_WARN_EMPTY_BODY = YES;
				CLANG_WARN_ENUM_CONVERSION = YES;
				CLANG_WARN_INT_CONVERSION = YES;
				CLANG_WARN_OBJC_ROOT_CLASS = YES_ERROR;
				CLANG_WARN_UNREACHABLE_CODE = YES;
				CLANG_WARN__DUPLICATE_METHOD_MATCH = YES;
				"CODE_SIGN_IDENTITY[sdk=iphoneos*]" = "iPhone Developer";
				COPY_PHASE_STRIP = NO;
				DEBUG_INFORMATION_FORMAT = "dwarf-with-dsym";
				ENABLE_NS_ASSERTIONS = NO;
				ENABLE_STRICT_OBJC_MSGSEND = YES;
				GCC_C_LANGUAGE_STANDARD = gnu99;
				GCC_NO_COMMON_BLOCKS = YES;
				GCC_WARN_64_TO_32_BIT_CONVERSION = YES;
				GCC_WARN_ABOUT_RETURN_TYPE = YES_ERROR;
				GCC_WARN_UNDECLARED_SELECTOR = YES;
				GCC_WARN_UNINITIALIZED_AUTOS = YES_AGGRESSIVE;
				GCC_WARN_UNUSED_FUNCTION = YES;
				GCC_WARN_UNUSED_VARIABLE = YES;
				IPHONEOS_DEPLOYMENT_TARGET = 9.3;
				MTL_ENABLE_DEBUG_INFO = NO;
				SDKROOT = iphoneos;
				TARGETED_DEVICE_FAMILY = "1,2";
				VALIDATE_PRODUCT = YES;
			};
			name = Release;
		};
		1316C3181D8CE61D00B11C29 /* Debug */ = {
			isa = XCBuildConfiguration;
			buildSettings = {
				ASSETCATALOG_COMPILER_APPICON_NAME = AppIcon;
				INFOPLIST_FILE = chemical/Info.plist;
				LD_RUNPATH_SEARCH_PATHS = "$(inherited) @executable_path/Frameworks";
				PRODUCT_BUNDLE_IDENTIFIER = com.chemical.tunscopi.chemical;
				PRODUCT_NAME = "$(TARGET_NAME)";
			};
			name = Debug;
		};
		1316C3191D8CE61D00B11C29 /* Release */ = {
			isa = XCBuildConfiguration;
			buildSettings = {
				ASSETCATALOG_COMPILER_APPICON_NAME = AppIcon;
				INFOPLIST_FILE = chemical/Info.plist;
				LD_RUNPATH_SEARCH_PATHS = "$(inherited) @executable_path/Frameworks";
				PRODUCT_BUNDLE_IDENTIFIER = com.chemical.tunscopi.chemical;
				PRODUCT_NAME = "$(TARGET_NAME)";
			};
			name = Release;
		};
		1316C31B1D8CE61D00B11C29 /* Debug */ = {
			isa = XCBuildConfiguration;
			buildSettings = {
				BUNDLE_LOADER = "$(TEST_HOST)";
				INFOPLIST_FILE = chemicalTests/Info.plist;
				LD_RUNPATH_SEARCH_PATHS = "$(inherited) @executable_path/Frameworks @loader_path/Frameworks";
				PRODUCT_BUNDLE_IDENTIFIER = com.chemical.tunscopi.chemicalTests;
				PRODUCT_NAME = "$(TARGET_NAME)";
				TEST_HOST = "$(BUILT_PRODUCTS_DIR)/chemical.app/chemical";
			};
			name = Debug;
		};
		1316C31C1D8CE61D00B11C29 /* Release */ = {
			isa = XCBuildConfiguration;
			buildSettings = {
				BUNDLE_LOADER = "$(TEST_HOST)";
				INFOPLIST_FILE = chemicalTests/Info.plist;
				LD_RUNPATH_SEARCH_PATHS = "$(inherited) @executable_path/Frameworks @loader_path/Frameworks";
				PRODUCT_BUNDLE_IDENTIFIER = com.chemical.tunscopi.chemicalTests;
				PRODUCT_NAME = "$(TARGET_NAME)";
				TEST_HOST = "$(BUILT_PRODUCTS_DIR)/chemical.app/chemical";
			};
			name = Release;
		};
		1316C31E1D8CE61D00B11C29 /* Debug */ = {
			isa = XCBuildConfiguration;
			buildSettings = {
				INFOPLIST_FILE = chemicalUITests/Info.plist;
				LD_RUNPATH_SEARCH_PATHS = "$(inherited) @executable_path/Frameworks @loader_path/Frameworks";
				PRODUCT_BUNDLE_IDENTIFIER = com.chemical.tunscopi.chemicalUITests;
				PRODUCT_NAME = "$(TARGET_NAME)";
				TEST_TARGET_NAME = chemical;
			};
			name = Debug;
		};
		1316C31F1D8CE61D00B11C29 /* Release */ = {
			isa = XCBuildConfiguration;
			buildSettings = {
				INFOPLIST_FILE = chemicalUITests/Info.plist;
				LD_RUNPATH_SEARCH_PATHS = "$(inherited) @executable_path/Frameworks @loader_path/Frameworks";
				PRODUCT_BUNDLE_IDENTIFIER = com.chemical.tunscopi.chemicalUITests;
				PRODUCT_NAME = "$(TARGET_NAME)";
				TEST_TARGET_NAME = chemical;
			};
			name = Release;
		};
/* End XCBuildConfiguration section */

/* Begin XCConfigurationList section */
		1316C2E81D8CE61D00B11C29 /* Build configuration list for PBXProject "chemical" */ = {
			isa = XCConfigurationList;
			buildConfigurations = (
				1316C3151D8CE61D00B11C29 /* Debug */,
				1316C3161D8CE61D00B11C29 /* Release */,
			);
			defaultConfigurationIsVisible = 0;
			defaultConfigurationName = Release;
		};
		1316C3171D8CE61D00B11C29 /* Build configuration list for PBXNativeTarget "chemical" */ = {
			isa = XCConfigurationList;
			buildConfigurations = (
				1316C3181D8CE61D00B11C29 /* Debug */,
				1316C3191D8CE61D00B11C29 /* Release */,
			);
			defaultConfigurationIsVisible = 0;
		};
		1316C31A1D8CE61D00B11C29 /* Build configuration list for PBXNativeTarget "chemicalTests" */ = {
			isa = XCConfigurationList;
			buildConfigurations = (
				1316C31B1D8CE61D00B11C29 /* Debug */,
				1316C31C1D8CE61D00B11C29 /* Release */,
			);
			defaultConfigurationIsVisible = 0;
		};
		1316C31D1D8CE61D00B11C29 /* Build configuration list for PBXNativeTarget "chemicalUITests" */ = {
			isa = XCConfigurationList;
			buildConfigurations = (
				1316C31E1D8CE61D00B11C29 /* Debug */,
				1316C31F1D8CE61D00B11C29 /* Release */,
			);
			defaultConfigurationIsVisible = 0;
		};
/* End XCConfigurationList section */
	};
	rootObject = 1316C2E51D8CE61D00B11C29 /* Project object */;
}
